
Microsoft Visual Studio Solution File, Format Version 12.00
# Visual Studio Version 17
VisualStudioVersion = 17.4.33110.190
MinimumVisualStudioVersion = 10.0.40219.1
Project("{FAE04EC0-301F-11D3-BF4B-00C04F79EFBC}") = "Geometria", "Geometria\Geometria.csproj", "{B0F83CA9-B774-49EF-870A-E15841C1D194}"
EndProject
Project("{FAE04EC0-301F-11D3-BF4B-00C04F79EFBC}") = "Bonus", "Bonus\Bonus.csproj", "{A0726C2F-2E67-4BCA-B054-681410B81F75}"
EndProject
Global
	GlobalSection(SolutionConfigurationPlatforms) = preSolution
		Debug|Any CPU = Debug|Any CPU
		Release|Any CPU = Release|Any CPU
	EndGlobalSection
	GlobalSection(ProjectConfigurationPlatforms) = postSolution
		{B0F83CA9-B774-49EF-870A-E15841C1D194}.Debug|Any CPU.ActiveCfg = Debug|Any CPU
		{B0F83CA9-B774-49EF-870A-E15841C1D194}.Debug|Any CPU.Build.0 = Debug|Any CPU
		{B0F83CA9-B774-49EF-870A-E15841C1D194}.Release|Any CPU.ActiveCfg = Release|Any CPU
		{B0F83CA9-B774-49EF-870A-E15841C1D194}.Release|Any CPU.Build.0 = Release|Any CPU
		{A0726C2F-2E67-4BCA-B054-681410B81F75}.Debug|Any CPU.ActiveCfg = Debug|Any CPU
		{A0726C2F-2E67-4BCA-B054-681410B81F75}.Debug|Any CPU.Build.0 = Debug|Any CPU
		{A0726C2F-2E67-4BCA-B054-681410B81F75}.Release|Any CPU.ActiveCfg = Release|Any CPU
		{A0726C2F-2E67-4BCA-B054-681410B81F75}.Release|Any CPU.Build.0 = Release|Any CPU
	EndGlobalSection
	GlobalSection(SolutionProperties) = preSolution
		HideSolutionNode = FALSE
	EndGlobalSection
	GlobalSection(ExtensibilityGlobals) = postSolution
		SolutionGuid = {D08CF71F-55F4-4E79-9D58-51B1AB6E804C}
	EndGlobalSection
EndGlobal
